
Microsoft Visual Studio Solution File, Format Version 12.00
# Visual Studio Version 17
VisualStudioVersion = 17.4.33213.308
MinimumVisualStudioVersion = 10.0.40219.1
Project("{00D1A9C2-B5F0-4AF3-8072-F6C62B433612}") = "MediaStepDB", "MediaStepDB\MediaStepDB.sqlproj", "{9526D15A-AF3F-4B65-8EDA-A9AE1FBF06E0}"
EndProject
Project("{9A19103F-16F7-4668-BE54-9A1E7A4F7556}") = "DataAccess", "DataAccess\DataAccess.csproj", "{27683799-89FD-4D4F-BCC0-D68E1CFA03D9}"
EndProject
Project("{9A19103F-16F7-4668-BE54-9A1E7A4F7556}") = "MediaStepUI", "MediaStepUI\MediaStepUI.csproj", "{46846DC6-F28B-40D1-8681-331BA557BA9E}"
EndProject
Project("{2150E333-8FDC-42A3-9474-1A3956D46DE8}") = "Solution Items", "Solution Items", "{8E406CDB-F18C-4D4A-BE50-1130CFB88B3A}"
	ProjectSection(SolutionItems) = preProject
		README.md = README.md
	EndProjectSection
EndProject
Global
	GlobalSection(SolutionConfigurationPlatforms) = preSolution
		Debug|Any CPU = Debug|Any CPU
		Release|Any CPU = Release|Any CPU
	EndGlobalSection
	GlobalSection(ProjectConfigurationPlatforms) = postSolution
		{9526D15A-AF3F-4B65-8EDA-A9AE1FBF06E0}.Debug|Any CPU.ActiveCfg = Debug|Any CPU
		{9526D15A-AF3F-4B65-8EDA-A9AE1FBF06E0}.Debug|Any CPU.Build.0 = Debug|Any CPU
		{9526D15A-AF3F-4B65-8EDA-A9AE1FBF06E0}.Debug|Any CPU.Deploy.0 = Debug|Any CPU
		{9526D15A-AF3F-4B65-8EDA-A9AE1FBF06E0}.Release|Any CPU.ActiveCfg = Release|Any CPU
		{9526D15A-AF3F-4B65-8EDA-A9AE1FBF06E0}.Release|Any CPU.Build.0 = Release|Any CPU
		{9526D15A-AF3F-4B65-8EDA-A9AE1FBF06E0}.Release|Any CPU.Deploy.0 = Release|Any CPU
		{27683799-89FD-4D4F-BCC0-D68E1CFA03D9}.Debug|Any CPU.ActiveCfg = Debug|Any CPU
		{27683799-89FD-4D4F-BCC0-D68E1CFA03D9}.Debug|Any CPU.Build.0 = Debug|Any CPU
		{27683799-89FD-4D4F-BCC0-D68E1CFA03D9}.Release|Any CPU.ActiveCfg = Release|Any CPU
		{27683799-89FD-4D4F-BCC0-D68E1CFA03D9}.Release|Any CPU.Build.0 = Release|Any CPU
		{46846DC6-F28B-40D1-8681-331BA557BA9E}.Debug|Any CPU.ActiveCfg = Debug|Any CPU
		{46846DC6-F28B-40D1-8681-331BA557BA9E}.Debug|Any CPU.Build.0 = Debug|Any CPU
		{46846DC6-F28B-40D1-8681-331BA557BA9E}.Release|Any CPU.ActiveCfg = Release|Any CPU
		{46846DC6-F28B-40D1-8681-331BA557BA9E}.Release|Any CPU.Build.0 = Release|Any CPU
	EndGlobalSection
	GlobalSection(SolutionProperties) = preSolution
		HideSolutionNode = FALSE
	EndGlobalSection
	GlobalSection(ExtensibilityGlobals) = postSolution
		SolutionGuid = {17A02AA0-084A-44B6-A20E-C285527493C0}
	EndGlobalSection
EndGlobal
